
Microsoft Visual Studio Solution File, Format Version 12.00
# Visual Studio Version 16
VisualStudioVersion = 16.0.30002.166
MinimumVisualStudioVersion = 10.0.40219.1
Project("{9A19103F-16F7-4668-BE54-9A1E7A4F7556}") = "CarRentalCo.Administration.Domain", "services\CarRentalCo.Administration\src\CarRentalCo.Administration.Domain\CarRentalCo.Administration.Domain.csproj", "{2DA0FD97-5961-4C1E-B407-9F1C97CB6949}"
EndProject
Project("{2150E333-8FDC-42A3-9474-1A3956D46DE8}") = "CarRentalCo.Administration", "CarRentalCo.Administration", "{EB0DA172-DAF9-4965-B008-A2D7F45B8C56}"
EndProject
Project("{2150E333-8FDC-42A3-9474-1A3956D46DE8}") = "CarRentalCo.Users", "CarRentalCo.Users", "{105C1B53-9E7F-4E99-86F8-79E4562772DB}"
EndProject
Project("{9A19103F-16F7-4668-BE54-9A1E7A4F7556}") = "CarRentalCo.Users.Domain", "services\CarRentalCo.Users\src\CarRentalCo.Users.Domain\CarRentalCo.Users.Domain.csproj", "{A95EA898-9AD3-4CFF-A64B-35AA65D2DF6B}"
EndProject
Project("{2150E333-8FDC-42A3-9474-1A3956D46DE8}") = "CarRentalCo.Orders", "CarRentalCo.Orders", "{BF9D623D-286D-4277-8C25-EB37AFBBE632}"
EndProject
Project("{9A19103F-16F7-4668-BE54-9A1E7A4F7556}") = "CarRentalCo.Orders.Domain", "services\CarRentalCo.Orders\src\CarRentalCo.Orders.Domain\CarRentalCo.Orders.Domain.csproj", "{4CECEC00-1704-400C-862B-5B397DD1E435}"
EndProject
Project("{2150E333-8FDC-42A3-9474-1A3956D46DE8}") = "CarRentalCo.Payments", "CarRentalCo.Payments", "{EF8F818F-BD8A-4441-88D9-AE56134F5C74}"
EndProject
Project("{9A19103F-16F7-4668-BE54-9A1E7A4F7556}") = "CarRentalCo.Payments.Domain", "services\CarRentalCo.Payments\src\CarRentalCo.Payments.Domain\CarRentalCo.Payments.Domain.csproj", "{4644C476-EC83-4242-AC44-ED994880518B}"
EndProject
Project("{2150E333-8FDC-42A3-9474-1A3956D46DE8}") = "CarRentalCo.Commons", "CarRentalCo.Commons", "{BDBD144D-3D9E-4091-B49D-234AADBBA6D8}"
EndProject
Project("{9A19103F-16F7-4668-BE54-9A1E7A4F7556}") = "CarRentalCo.Common", "services\CarRentalCo.Common\src\CarRentalCo.Common\CarRentalCo.Common.csproj", "{3AACA41F-25E6-4FCF-9A14-9078968B01E5}"
EndProject
Project("{9A19103F-16F7-4668-BE54-9A1E7A4F7556}") = "CarRentalCo.Orders.Application", "services\CarRentalCo.Orders\src\CarRentalCo.Orders.Application\CarRentalCo.Orders.Application.csproj", "{A8EF61E4-D40A-48C1-94AB-681D4F8D2DD4}"
EndProject
Project("{9A19103F-16F7-4668-BE54-9A1E7A4F7556}") = "CarRentalCo.Orders.Infrastructure", "services\CarRentalCo.Orders\src\CarRentalCo.Orders.Infrastructure\CarRentalCo.Orders.Infrastructure.csproj", "{00AE9382-341F-4555-B621-91C05EE512E3}"
EndProject
Project("{9A19103F-16F7-4668-BE54-9A1E7A4F7556}") = "CarRentalCo.Orders.API", "services\CarRentalCo.Orders\src\CarRentalCo.Orders.API\CarRentalCo.Orders.API.csproj", "{508EEBAE-DB7C-4ECF-91E2-9393C4CCC139}"
EndProject
Project("{9A19103F-16F7-4668-BE54-9A1E7A4F7556}") = "CarRentalCo.Administration.Application", "services\CarRentalCo.Administration\src\CarRentalCo.Administration.Application\CarRentalCo.Administration.Application.csproj", "{B8991E18-A1AC-490F-AE60-308FDD5C1D18}"
EndProject
Project("{9A19103F-16F7-4668-BE54-9A1E7A4F7556}") = "CarRentalCo.Administration.Infrastructure", "services\CarRentalCo.Administration\src\CarRentalCo.Administration.Infrastructure\CarRentalCo.Administration.Infrastructure.csproj", "{C6AB7D59-A844-4EB4-9066-56C1AE053B05}"
EndProject
Project("{9A19103F-16F7-4668-BE54-9A1E7A4F7556}") = "CarRentalCo.Administration.API", "services\CarRentalCo.Administration\src\CarRentalCo.Administration.API\CarRentalCo.Administration.API.csproj", "{298AA21D-72CC-403B-A8F4-F65BED6D425A}"
EndProject
Project("{FAE04EC0-301F-11D3-BF4B-00C04F79EFBC}") = "CarRentalCo.Administration.Tests.Unit", "services\CarRentalCo.Administration\tests\CarRentalCo.Administration.Tests.Unit\CarRentalCo.Administration.Tests.Unit.csproj", "{497AF635-4A27-438E-AA99-1650EE0F0E5B}"
EndProject
Project("{2150E333-8FDC-42A3-9474-1A3956D46DE8}") = "tests", "tests", "{D125DFCD-CCA6-479A-A2B9-E10EC9BB1BF5}"
EndProject
Global
	GlobalSection(SolutionConfigurationPlatforms) = preSolution
		Debug|Any CPU = Debug|Any CPU
		Release|Any CPU = Release|Any CPU
	EndGlobalSection
	GlobalSection(ProjectConfigurationPlatforms) = postSolution
		{2DA0FD97-5961-4C1E-B407-9F1C97CB6949}.Debug|Any CPU.ActiveCfg = Debug|Any CPU
		{2DA0FD97-5961-4C1E-B407-9F1C97CB6949}.Debug|Any CPU.Build.0 = Debug|Any CPU
		{2DA0FD97-5961-4C1E-B407-9F1C97CB6949}.Release|Any CPU.ActiveCfg = Release|Any CPU
		{2DA0FD97-5961-4C1E-B407-9F1C97CB6949}.Release|Any CPU.Build.0 = Release|Any CPU
		{A95EA898-9AD3-4CFF-A64B-35AA65D2DF6B}.Debug|Any CPU.ActiveCfg = Debug|Any CPU
		{A95EA898-9AD3-4CFF-A64B-35AA65D2DF6B}.Debug|Any CPU.Build.0 = Debug|Any CPU
		{A95EA898-9AD3-4CFF-A64B-35AA65D2DF6B}.Release|Any CPU.ActiveCfg = Release|Any CPU
		{A95EA898-9AD3-4CFF-A64B-35AA65D2DF6B}.Release|Any CPU.Build.0 = Release|Any CPU
		{4CECEC00-1704-400C-862B-5B397DD1E435}.Debug|Any CPU.ActiveCfg = Debug|Any CPU
		{4CECEC00-1704-400C-862B-5B397DD1E435}.Debug|Any CPU.Build.0 = Debug|Any CPU
		{4CECEC00-1704-400C-862B-5B397DD1E435}.Release|Any CPU.ActiveCfg = Release|Any CPU
		{4CECEC00-1704-400C-862B-5B397DD1E435}.Release|Any CPU.Build.0 = Release|Any CPU
		{4644C476-EC83-4242-AC44-ED994880518B}.Debug|Any CPU.ActiveCfg = Debug|Any CPU
		{4644C476-EC83-4242-AC44-ED994880518B}.Debug|Any CPU.Build.0 = Debug|Any CPU
		{4644C476-EC83-4242-AC44-ED994880518B}.Release|Any CPU.ActiveCfg = Release|Any CPU
		{4644C476-EC83-4242-AC44-ED994880518B}.Release|Any CPU.Build.0 = Release|Any CPU
		{3AACA41F-25E6-4FCF-9A14-9078968B01E5}.Debug|Any CPU.ActiveCfg = Debug|Any CPU
		{3AACA41F-25E6-4FCF-9A14-9078968B01E5}.Debug|Any CPU.Build.0 = Debug|Any CPU
		{3AACA41F-25E6-4FCF-9A14-9078968B01E5}.Release|Any CPU.ActiveCfg = Release|Any CPU
		{3AACA41F-25E6-4FCF-9A14-9078968B01E5}.Release|Any CPU.Build.0 = Release|Any CPU
		{A8EF61E4-D40A-48C1-94AB-681D4F8D2DD4}.Debug|Any CPU.ActiveCfg = Debug|Any CPU
		{A8EF61E4-D40A-48C1-94AB-681D4F8D2DD4}.Debug|Any CPU.Build.0 = Debug|Any CPU
		{A8EF61E4-D40A-48C1-94AB-681D4F8D2DD4}.Release|Any CPU.ActiveCfg = Release|Any CPU
		{A8EF61E4-D40A-48C1-94AB-681D4F8D2DD4}.Release|Any CPU.Build.0 = Release|Any CPU
		{00AE9382-341F-4555-B621-91C05EE512E3}.Debug|Any CPU.ActiveCfg = Debug|Any CPU
		{00AE9382-341F-4555-B621-91C05EE512E3}.Debug|Any CPU.Build.0 = Debug|Any CPU
		{00AE9382-341F-4555-B621-91C05EE512E3}.Release|Any CPU.ActiveCfg = Release|Any CPU
		{00AE9382-341F-4555-B621-91C05EE512E3}.Release|Any CPU.Build.0 = Release|Any CPU
		{508EEBAE-DB7C-4ECF-91E2-9393C4CCC139}.Debug|Any CPU.ActiveCfg = Debug|Any CPU
		{508EEBAE-DB7C-4ECF-91E2-9393C4CCC139}.Debug|Any CPU.Build.0 = Debug|Any CPU
		{508EEBAE-DB7C-4ECF-91E2-9393C4CCC139}.Release|Any CPU.ActiveCfg = Release|Any CPU
		{508EEBAE-DB7C-4ECF-91E2-9393C4CCC139}.Release|Any CPU.Build.0 = Release|Any CPU
		{B8991E18-A1AC-490F-AE60-308FDD5C1D18}.Debug|Any CPU.ActiveCfg = Debug|Any CPU
		{B8991E18-A1AC-490F-AE60-308FDD5C1D18}.Debug|Any CPU.Build.0 = Debug|Any CPU
		{B8991E18-A1AC-490F-AE60-308FDD5C1D18}.Release|Any CPU.ActiveCfg = Release|Any CPU
		{B8991E18-A1AC-490F-AE60-308FDD5C1D18}.Release|Any CPU.Build.0 = Release|Any CPU
		{C6AB7D59-A844-4EB4-9066-56C1AE053B05}.Debug|Any CPU.ActiveCfg = Debug|Any CPU
		{C6AB7D59-A844-4EB4-9066-56C1AE053B05}.Debug|Any CPU.Build.0 = Debug|Any CPU
		{C6AB7D59-A844-4EB4-9066-56C1AE053B05}.Release|Any CPU.ActiveCfg = Release|Any CPU
		{C6AB7D59-A844-4EB4-9066-56C1AE053B05}.Release|Any CPU.Build.0 = Release|Any CPU
		{298AA21D-72CC-403B-A8F4-F65BED6D425A}.Debug|Any CPU.ActiveCfg = Debug|Any CPU
		{298AA21D-72CC-403B-A8F4-F65BED6D425A}.Debug|Any CPU.Build.0 = Debug|Any CPU
		{298AA21D-72CC-403B-A8F4-F65BED6D425A}.Release|Any CPU.ActiveCfg = Release|Any CPU
		{298AA21D-72CC-403B-A8F4-F65BED6D425A}.Release|Any CPU.Build.0 = Release|Any CPU
		{497AF635-4A27-438E-AA99-1650EE0F0E5B}.Debug|Any CPU.ActiveCfg = Debug|Any CPU
		{497AF635-4A27-438E-AA99-1650EE0F0E5B}.Debug|Any CPU.Build.0 = Debug|Any CPU
		{497AF635-4A27-438E-AA99-1650EE0F0E5B}.Release|Any CPU.ActiveCfg = Release|Any CPU
		{497AF635-4A27-438E-AA99-1650EE0F0E5B}.Release|Any CPU.Build.0 = Release|Any CPU
	EndGlobalSection
	GlobalSection(SolutionProperties) = preSolution
		HideSolutionNode = FALSE
	EndGlobalSection
	GlobalSection(NestedProjects) = preSolution
		{2DA0FD97-5961-4C1E-B407-9F1C97CB6949} = {EB0DA172-DAF9-4965-B008-A2D7F45B8C56}
		{A95EA898-9AD3-4CFF-A64B-35AA65D2DF6B} = {105C1B53-9E7F-4E99-86F8-79E4562772DB}
		{4CECEC00-1704-400C-862B-5B397DD1E435} = {BF9D623D-286D-4277-8C25-EB37AFBBE632}
		{4644C476-EC83-4242-AC44-ED994880518B} = {EF8F818F-BD8A-4441-88D9-AE56134F5C74}
		{3AACA41F-25E6-4FCF-9A14-9078968B01E5} = {BDBD144D-3D9E-4091-B49D-234AADBBA6D8}
		{A8EF61E4-D40A-48C1-94AB-681D4F8D2DD4} = {BF9D623D-286D-4277-8C25-EB37AFBBE632}
		{00AE9382-341F-4555-B621-91C05EE512E3} = {BF9D623D-286D-4277-8C25-EB37AFBBE632}
		{508EEBAE-DB7C-4ECF-91E2-9393C4CCC139} = {BF9D623D-286D-4277-8C25-EB37AFBBE632}
		{B8991E18-A1AC-490F-AE60-308FDD5C1D18} = {EB0DA172-DAF9-4965-B008-A2D7F45B8C56}
		{C6AB7D59-A844-4EB4-9066-56C1AE053B05} = {EB0DA172-DAF9-4965-B008-A2D7F45B8C56}
		{298AA21D-72CC-403B-A8F4-F65BED6D425A} = {EB0DA172-DAF9-4965-B008-A2D7F45B8C56}
		{497AF635-4A27-438E-AA99-1650EE0F0E5B} = {D125DFCD-CCA6-479A-A2B9-E10EC9BB1BF5}
		{D125DFCD-CCA6-479A-A2B9-E10EC9BB1BF5} = {EB0DA172-DAF9-4965-B008-A2D7F45B8C56}
	EndGlobalSection
	GlobalSection(ExtensibilityGlobals) = postSolution
		SolutionGuid = {4AFBC2FA-C203-4764-8735-776387E8BD69}
	EndGlobalSection
EndGlobal
